
Microsoft Visual Studio Solution File, Format Version 12.00
# Visual Studio Version 16
VisualStudioVersion = 16.0.29806.167
MinimumVisualStudioVersion = 10.0.40219.1
Project("{9A19103F-16F7-4668-BE54-9A1E7A4F7556}") = "VideoGameAPI", "VideoGameAPI.csproj", "{F67DFA3A-FA55-47A7-8084-203D5BCA719C}"
EndProject
Project("{FAE04EC0-301F-11D3-BF4B-00C04F79EFBC}") = "UnitTest", "UnitTest\UnitTest.csproj", "{13CEAD79-C64F-41CB-AF5F-4F0588612CD3}"
EndProject
Global
	GlobalSection(SolutionConfigurationPlatforms) = preSolution
		Debug|Any CPU = Debug|Any CPU
		Release|Any CPU = Release|Any CPU
	EndGlobalSection
	GlobalSection(ProjectConfigurationPlatforms) = postSolution
		{F67DFA3A-FA55-47A7-8084-203D5BCA719C}.Debug|Any CPU.ActiveCfg = Debug|Any CPU
		{F67DFA3A-FA55-47A7-8084-203D5BCA719C}.Debug|Any CPU.Build.0 = Debug|Any CPU
		{F67DFA3A-FA55-47A7-8084-203D5BCA719C}.Release|Any CPU.ActiveCfg = Release|Any CPU
		{F67DFA3A-FA55-47A7-8084-203D5BCA719C}.Release|Any CPU.Build.0 = Release|Any CPU
		{13CEAD79-C64F-41CB-AF5F-4F0588612CD3}.Debug|Any CPU.ActiveCfg = Debug|Any CPU
		{13CEAD79-C64F-41CB-AF5F-4F0588612CD3}.Debug|Any CPU.Build.0 = Debug|Any CPU
		{13CEAD79-C64F-41CB-AF5F-4F0588612CD3}.Release|Any CPU.ActiveCfg = Release|Any CPU
		{13CEAD79-C64F-41CB-AF5F-4F0588612CD3}.Release|Any CPU.Build.0 = Release|Any CPU
	EndGlobalSection
	GlobalSection(SolutionProperties) = preSolution
		HideSolutionNode = FALSE
	EndGlobalSection
	GlobalSection(ExtensibilityGlobals) = postSolution
		SolutionGuid = {42E67675-6E89-4DE6-8455-5B2153A1FEF3}
	EndGlobalSection
EndGlobal
